
Microsoft Visual Studio Solution File, Format Version 12.00
# Visual Studio 2013
VisualStudioVersion = 12.0.30723.0
MinimumVisualStudioVersion = 10.0.40219.1
Project("{D954291E-2A0B-460D-934E-DC6B0785DB48}") = "Greetings", "Greetings\Greetings\Greetings.shproj", "{7889744F-0D4D-44BE-A946-BF0356461622}"
EndProject
Project("{FAE04EC0-301F-11D3-BF4B-00C04F79EFBC}") = "Greetings.WinPhone", "Greetings\Greetings.WinPhone\Greetings.WinPhone.csproj", "{60DB9E07-B98E-43AE-83BD-BFF8F57BB774}"
EndProject
Project("{FAE04EC0-301F-11D3-BF4B-00C04F79EFBC}") = "Greetings.iOS", "Greetings\Greetings.iOS\Greetings.iOS.csproj", "{6F3A3511-A6C1-4F2F-BCAE-BD7DD739ED46}"
EndProject
Project("{FAE04EC0-301F-11D3-BF4B-00C04F79EFBC}") = "Greetings.Android", "Greetings\Greetings.Android\Greetings.Android.csproj", "{678D20AD-930B-4990-82E5-B3A0565CBA75}"
EndProject
Global
	GlobalSection(SharedMSBuildProjectFiles) = preSolution
		Greetings\Greetings\Greetings.projitems*{7889744f-0d4d-44be-a946-bf0356461622}*SharedItemsImports = 13
	EndGlobalSection
	GlobalSection(SolutionConfigurationPlatforms) = preSolution
		Ad-Hoc|Any CPU = Ad-Hoc|Any CPU
		Ad-Hoc|ARM = Ad-Hoc|ARM
		Ad-Hoc|iPhone = Ad-Hoc|iPhone
		Ad-Hoc|iPhoneSimulator = Ad-Hoc|iPhoneSimulator
		Ad-Hoc|Mixed Platforms = Ad-Hoc|Mixed Platforms
		Ad-Hoc|x86 = Ad-Hoc|x86
		AppStore|Any CPU = AppStore|Any CPU
		AppStore|ARM = AppStore|ARM
		AppStore|iPhone = AppStore|iPhone
		AppStore|iPhoneSimulator = AppStore|iPhoneSimulator
		AppStore|Mixed Platforms = AppStore|Mixed Platforms
		AppStore|x86 = AppStore|x86
		Debug|Any CPU = Debug|Any CPU
		Debug|ARM = Debug|ARM
		Debug|iPhone = Debug|iPhone
		Debug|iPhoneSimulator = Debug|iPhoneSimulator
		Debug|Mixed Platforms = Debug|Mixed Platforms
		Debug|x86 = Debug|x86
		Release|Any CPU = Release|Any CPU
		Release|ARM = Release|ARM
		Release|iPhone = Release|iPhone
		Release|iPhoneSimulator = Release|iPhoneSimulator
		Release|Mixed Platforms = Release|Mixed Platforms
		Release|x86 = Release|x86
	EndGlobalSection
	GlobalSection(ProjectConfigurationPlatforms) = postSolution
		{60DB9E07-B98E-43AE-83BD-BFF8F57BB774}.Ad-Hoc|Any CPU.ActiveCfg = Release|Any CPU
		{60DB9E07-B98E-43AE-83BD-BFF8F57BB774}.Ad-Hoc|Any CPU.Build.0 = Release|Any CPU
		{60DB9E07-B98E-43AE-83BD-BFF8F57BB774}.Ad-Hoc|Any CPU.Deploy.0 = Release|Any CPU
		{60DB9E07-B98E-43AE-83BD-BFF8F57BB774}.Ad-Hoc|ARM.ActiveCfg = Release|ARM
		{60DB9E07-B98E-43AE-83BD-BFF8F57BB774}.Ad-Hoc|ARM.Build.0 = Release|ARM
		{60DB9E07-B98E-43AE-83BD-BFF8F57BB774}.Ad-Hoc|ARM.Deploy.0 = Release|ARM
		{60DB9E07-B98E-43AE-83BD-BFF8F57BB774}.Ad-Hoc|iPhone.ActiveCfg = Release|Any CPU
		{60DB9E07-B98E-43AE-83BD-BFF8F57BB774}.Ad-Hoc|iPhoneSimulator.ActiveCfg = Release|Any CPU
		{60DB9E07-B98E-43AE-83BD-BFF8F57BB774}.Ad-Hoc|Mixed Platforms.ActiveCfg = Release|x86
		{60DB9E07-B98E-43AE-83BD-BFF8F57BB774}.Ad-Hoc|Mixed Platforms.Build.0 = Release|x86
		{60DB9E07-B98E-43AE-83BD-BFF8F57BB774}.Ad-Hoc|Mixed Platforms.Deploy.0 = Release|x86
		{60DB9E07-B98E-43AE-83BD-BFF8F57BB774}.Ad-Hoc|x86.ActiveCfg = Release|x86
		{60DB9E07-B98E-43AE-83BD-BFF8F57BB774}.Ad-Hoc|x86.Build.0 = Release|x86
		{60DB9E07-B98E-43AE-83BD-BFF8F57BB774}.Ad-Hoc|x86.Deploy.0 = Release|x86
		{60DB9E07-B98E-43AE-83BD-BFF8F57BB774}.AppStore|Any CPU.ActiveCfg = Release|Any CPU
		{60DB9E07-B98E-43AE-83BD-BFF8F57BB774}.AppStore|Any CPU.Build.0 = Release|Any CPU
		{60DB9E07-B98E-43AE-83BD-BFF8F57BB774}.AppStore|Any CPU.Deploy.0 = Release|Any CPU
		{60DB9E07-B98E-43AE-83BD-BFF8F57BB774}.AppStore|ARM.ActiveCfg = Release|ARM
		{60DB9E07-B98E-43AE-83BD-BFF8F57BB774}.AppStore|ARM.Build.0 = Release|ARM
		{60DB9E07-B98E-43AE-83BD-BFF8F57BB774}.AppStore|ARM.Deploy.0 = Release|ARM
		{60DB9E07-B98E-43AE-83BD-BFF8F57BB774}.AppStore|iPhone.ActiveCfg = Release|Any CPU
		{60DB9E07-B98E-43AE-83BD-BFF8F57BB774}.AppStore|iPhoneSimulator.ActiveCfg = Release|Any CPU
		{60DB9E07-B98E-43AE-83BD-BFF8F57BB774}.AppStore|Mixed Platforms.ActiveCfg = Release|x86
		{60DB9E07-B98E-43AE-83BD-BFF8F57BB774}.AppStore|Mixed Platforms.Build.0 = Release|x86
		{60DB9E07-B98E-43AE-83BD-BFF8F57BB774}.AppStore|Mixed Platforms.Deploy.0 = Release|x86
		{60DB9E07-B98E-43AE-83BD-BFF8F57BB774}.AppStore|x86.ActiveCfg = Release|x86
		{60DB9E07-B98E-43AE-83BD-BFF8F57BB774}.AppStore|x86.Build.0 = Release|x86
		{60DB9E07-B98E-43AE-83BD-BFF8F57BB774}.AppStore|x86.Deploy.0 = Release|x86
		{60DB9E07-B98E-43AE-83BD-BFF8F57BB774}.Debug|Any CPU.ActiveCfg = Debug|Any CPU
		{60DB9E07-B98E-43AE-83BD-BFF8F57BB774}.Debug|Any CPU.Build.0 = Debug|Any CPU
		{60DB9E07-B98E-43AE-83BD-BFF8F57BB774}.Debug|Any CPU.Deploy.0 = Debug|Any CPU
		{60DB9E07-B98E-43AE-83BD-BFF8F57BB774}.Debug|ARM.ActiveCfg = Debug|ARM
		{60DB9E07-B98E-43AE-83BD-BFF8F57BB774}.Debug|ARM.Build.0 = Debug|ARM
		{60DB9E07-B98E-43AE-83BD-BFF8F57BB774}.Debug|ARM.Deploy.0 = Debug|ARM
		{60DB9E07-B98E-43AE-83BD-BFF8F57BB774}.Debug|iPhone.ActiveCfg = Debug|Any CPU
		{60DB9E07-B98E-43AE-83BD-BFF8F57BB774}.Debug|iPhoneSimulator.ActiveCfg = Debug|Any CPU
		{60DB9E07-B98E-43AE-83BD-BFF8F57BB774}.Debug|Mixed Platforms.ActiveCfg = Debug|x86
		{60DB9E07-B98E-43AE-83BD-BFF8F57BB774}.Debug|Mixed Platforms.Build.0 = Debug|x86
		{60DB9E07-B98E-43AE-83BD-BFF8F57BB774}.Debug|Mixed Platforms.Deploy.0 = Debug|x86
		{60DB9E07-B98E-43AE-83BD-BFF8F57BB774}.Debug|x86.ActiveCfg = Debug|x86
		{60DB9E07-B98E-43AE-83BD-BFF8F57BB774}.Debug|x86.Build.0 = Debug|x86
		{60DB9E07-B98E-43AE-83BD-BFF8F57BB774}.Debug|x86.Deploy.0 = Debug|x86
		{60DB9E07-B98E-43AE-83BD-BFF8F57BB774}.Release|Any CPU.ActiveCfg = Release|Any CPU
		{60DB9E07-B98E-43AE-83BD-BFF8F57BB774}.Release|Any CPU.Build.0 = Release|Any CPU
		{60DB9E07-B98E-43AE-83BD-BFF8F57BB774}.Release|Any CPU.Deploy.0 = Release|Any CPU
		{60DB9E07-B98E-43AE-83BD-BFF8F57BB774}.Release|ARM.ActiveCfg = Release|ARM
		{60DB9E07-B98E-43AE-83BD-BFF8F57BB774}.Release|ARM.Build.0 = Release|ARM
		{60DB9E07-B98E-43AE-83BD-BFF8F57BB774}.Release|ARM.Deploy.0 = Release|ARM
		{60DB9E07-B98E-43AE-83BD-BFF8F57BB774}.Release|iPhone.ActiveCfg = Release|Any CPU
		{60DB9E07-B98E-43AE-83BD-BFF8F57BB774}.Release|iPhoneSimulator.ActiveCfg = Release|Any CPU
		{60DB9E07-B98E-43AE-83BD-BFF8F57BB774}.Release|Mixed Platforms.ActiveCfg = Release|x86
		{60DB9E07-B98E-43AE-83BD-BFF8F57BB774}.Release|Mixed Platforms.Build.0 = Release|x86
		{60DB9E07-B98E-43AE-83BD-BFF8F57BB774}.Release|Mixed Platforms.Deploy.0 = Release|x86
		{60DB9E07-B98E-43AE-83BD-BFF8F57BB774}.Release|x86.ActiveCfg = Release|x86
		{60DB9E07-B98E-43AE-83BD-BFF8F57BB774}.Release|x86.Build.0 = Release|x86
		{60DB9E07-B98E-43AE-83BD-BFF8F57BB774}.Release|x86.Deploy.0 = Release|x86
		{6F3A3511-A6C1-4F2F-BCAE-BD7DD739ED46}.Ad-Hoc|Any CPU.ActiveCfg = Ad-Hoc|iPhone
		{6F3A3511-A6C1-4F2F-BCAE-BD7DD739ED46}.Ad-Hoc|ARM.ActiveCfg = Ad-Hoc|iPhone
		{6F3A3511-A6C1-4F2F-BCAE-BD7DD739ED46}.Ad-Hoc|iPhone.ActiveCfg = Ad-Hoc|iPhone
		{6F3A3511-A6C1-4F2F-BCAE-BD7DD739ED46}.Ad-Hoc|iPhone.Build.0 = Ad-Hoc|iPhone
		{6F3A3511-A6C1-4F2F-BCAE-BD7DD739ED46}.Ad-Hoc|iPhoneSimulator.ActiveCfg = Ad-Hoc|iPhoneSimulator
		{6F3A3511-A6C1-4F2F-BCAE-BD7DD739ED46}.Ad-Hoc|iPhoneSimulator.Build.0 = Ad-Hoc|iPhoneSimulator
		{6F3A3511-A6C1-4F2F-BCAE-BD7DD739ED46}.Ad-Hoc|Mixed Platforms.ActiveCfg = Ad-Hoc|iPhone
		{6F3A3511-A6C1-4F2F-BCAE-BD7DD739ED46}.Ad-Hoc|Mixed Platforms.Build.0 = Ad-Hoc|iPhone
		{6F3A3511-A6C1-4F2F-BCAE-BD7DD739ED46}.Ad-Hoc|x86.ActiveCfg = Ad-Hoc|iPhone
		{6F3A3511-A6C1-4F2F-BCAE-BD7DD739ED46}.AppStore|Any CPU.ActiveCfg = AppStore|iPhone
		{6F3A3511-A6C1-4F2F-BCAE-BD7DD739ED46}.AppStore|ARM.ActiveCfg = AppStore|iPhone
		{6F3A3511-A6C1-4F2F-BCAE-BD7DD739ED46}.AppStore|iPhone.ActiveCfg = AppStore|iPhone
		{6F3A3511-A6C1-4F2F-BCAE-BD7DD739ED46}.AppStore|iPhone.Build.0 = AppStore|iPhone
		{6F3A3511-A6C1-4F2F-BCAE-BD7DD739ED46}.AppStore|iPhoneSimulator.ActiveCfg = AppStore|iPhoneSimulator
		{6F3A3511-A6C1-4F2F-BCAE-BD7DD739ED46}.AppStore|iPhoneSimulator.Build.0 = AppStore|iPhoneSimulator
		{6F3A3511-A6C1-4F2F-BCAE-BD7DD739ED46}.AppStore|Mixed Platforms.ActiveCfg = AppStore|iPhone
		{6F3A3511-A6C1-4F2F-BCAE-BD7DD739ED46}.AppStore|Mixed Platforms.Build.0 = AppStore|iPhone
		{6F3A3511-A6C1-4F2F-BCAE-BD7DD739ED46}.AppStore|x86.ActiveCfg = AppStore|iPhone
		{6F3A3511-A6C1-4F2F-BCAE-BD7DD739ED46}.Debug|Any CPU.ActiveCfg = Debug|iPhone
		{6F3A3511-A6C1-4F2F-BCAE-BD7DD739ED46}.Debug|ARM.ActiveCfg = Debug|iPhone
		{6F3A3511-A6C1-4F2F-BCAE-BD7DD739ED46}.Debug|iPhone.ActiveCfg = Debug|iPhone
		{6F3A3511-A6C1-4F2F-BCAE-BD7DD739ED46}.Debug|iPhone.Build.0 = Debug|iPhone
		{6F3A3511-A6C1-4F2F-BCAE-BD7DD739ED46}.Debug|iPhoneSimulator.ActiveCfg = Debug|iPhoneSimulator
		{6F3A3511-A6C1-4F2F-BCAE-BD7DD739ED46}.Debug|iPhoneSimulator.Build.0 = Debug|iPhoneSimulator
		{6F3A3511-A6C1-4F2F-BCAE-BD7DD739ED46}.Debug|Mixed Platforms.ActiveCfg = Debug|iPhone
		{6F3A3511-A6C1-4F2F-BCAE-BD7DD739ED46}.Debug|Mixed Platforms.Build.0 = Debug|iPhone
		{6F3A3511-A6C1-4F2F-BCAE-BD7DD739ED46}.Debug|x86.ActiveCfg = Debug|iPhone
		{6F3A3511-A6C1-4F2F-BCAE-BD7DD739ED46}.Release|Any CPU.ActiveCfg = Release|iPhone
		{6F3A3511-A6C1-4F2F-BCAE-BD7DD739ED46}.Release|ARM.ActiveCfg = Release|iPhone
		{6F3A3511-A6C1-4F2F-BCAE-BD7DD739ED46}.Release|iPhone.ActiveCfg = Release|iPhone
		{6F3A3511-A6C1-4F2F-BCAE-BD7DD739ED46}.Release|iPhone.Build.0 = Release|iPhone
		{6F3A3511-A6C1-4F2F-BCAE-BD7DD739ED46}.Release|iPhoneSimulator.ActiveCfg = Release|iPhoneSimulator
		{6F3A3511-A6C1-4F2F-BCAE-BD7DD739ED46}.Release|iPhoneSimulator.Build.0 = Release|iPhoneSimulator
		{6F3A3511-A6C1-4F2F-BCAE-BD7DD739ED46}.Release|Mixed Platforms.ActiveCfg = Release|iPhone
		{6F3A3511-A6C1-4F2F-BCAE-BD7DD739ED46}.Release|Mixed Platforms.Build.0 = Release|iPhone
		{6F3A3511-A6C1-4F2F-BCAE-BD7DD739ED46}.Release|x86.ActiveCfg = Release|iPhone
		{678D20AD-930B-4990-82E5-B3A0565CBA75}.Ad-Hoc|Any CPU.ActiveCfg = Release|Any CPU
		{678D20AD-930B-4990-82E5-B3A0565CBA75}.Ad-Hoc|Any CPU.Build.0 = Release|Any CPU
		{678D20AD-930B-4990-82E5-B3A0565CBA75}.Ad-Hoc|Any CPU.Deploy.0 = Release|Any CPU
		{678D20AD-930B-4990-82E5-B3A0565CBA75}.Ad-Hoc|ARM.ActiveCfg = Release|Any CPU
		{678D20AD-930B-4990-82E5-B3A0565CBA75}.Ad-Hoc|iPhone.ActiveCfg = Release|Any CPU
		{678D20AD-930B-4990-82E5-B3A0565CBA75}.Ad-Hoc|iPhoneSimulator.ActiveCfg = Release|Any CPU
		{678D20AD-930B-4990-82E5-B3A0565CBA75}.Ad-Hoc|Mixed Platforms.ActiveCfg = Release|Any CPU
		{678D20AD-930B-4990-82E5-B3A0565CBA75}.Ad-Hoc|Mixed Platforms.Build.0 = Release|Any CPU
		{678D20AD-930B-4990-82E5-B3A0565CBA75}.Ad-Hoc|Mixed Platforms.Deploy.0 = Release|Any CPU
		{678D20AD-930B-4990-82E5-B3A0565CBA75}.Ad-Hoc|x86.ActiveCfg = Release|Any CPU
		{678D20AD-930B-4990-82E5-B3A0565CBA75}.AppStore|Any CPU.ActiveCfg = Release|Any CPU
		{678D20AD-930B-4990-82E5-B3A0565CBA75}.AppStore|Any CPU.Build.0 = Release|Any CPU
		{678D20AD-930B-4990-82E5-B3A0565CBA75}.AppStore|Any CPU.Deploy.0 = Release|Any CPU
		{678D20AD-930B-4990-82E5-B3A0565CBA75}.AppStore|ARM.ActiveCfg = Release|Any CPU
		{678D20AD-930B-4990-82E5-B3A0565CBA75}.AppStore|iPhone.ActiveCfg = Release|Any CPU
		{678D20AD-930B-4990-82E5-B3A0565CBA75}.AppStore|iPhoneSimulator.ActiveCfg = Release|Any CPU
		{678D20AD-930B-4990-82E5-B3A0565CBA75}.AppStore|Mixed Platforms.ActiveCfg = Release|Any CPU
		{678D20AD-930B-4990-82E5-B3A0565CBA75}.AppStore|Mixed Platforms.Build.0 = Release|Any CPU
		{678D20AD-930B-4990-82E5-B3A0565CBA75}.AppStore|Mixed Platforms.Deploy.0 = Release|Any CPU
		{678D20AD-930B-4990-82E5-B3A0565CBA75}.AppStore|x86.ActiveCfg = Release|Any CPU
		{678D20AD-930B-4990-82E5-B3A0565CBA75}.Debug|Any CPU.ActiveCfg = Debug|Any CPU
		{678D20AD-930B-4990-82E5-B3A0565CBA75}.Debug|Any CPU.Build.0 = Debug|Any CPU
		{678D20AD-930B-4990-82E5-B3A0565CBA75}.Debug|Any CPU.Deploy.0 = Debug|Any CPU
		{678D20AD-930B-4990-82E5-B3A0565CBA75}.Debug|ARM.ActiveCfg = Debug|Any CPU
		{678D20AD-930B-4990-82E5-B3A0565CBA75}.Debug|iPhone.ActiveCfg = Debug|Any CPU
		{678D20AD-930B-4990-82E5-B3A0565CBA75}.Debug|iPhoneSimulator.ActiveCfg = Debug|Any CPU
		{678D20AD-930B-4990-82E5-B3A0565CBA75}.Debug|Mixed Platforms.ActiveCfg = Debug|Any CPU
		{678D20AD-930B-4990-82E5-B3A0565CBA75}.Debug|Mixed Platforms.Build.0 = Debug|Any CPU
		{678D20AD-930B-4990-82E5-B3A0565CBA75}.Debug|Mixed Platforms.Deploy.0 = Debug|Any CPU
		{678D20AD-930B-4990-82E5-B3A0565CBA75}.Debug|x86.ActiveCfg = Debug|Any CPU
		{678D20AD-930B-4990-82E5-B3A0565CBA75}.Release|Any CPU.ActiveCfg = Release|Any CPU
		{678D20AD-930B-4990-82E5-B3A0565CBA75}.Release|Any CPU.Build.0 = Release|Any CPU
		{678D20AD-930B-4990-82E5-B3A0565CBA75}.Release|Any CPU.Deploy.0 = Release|Any CPU
		{678D20AD-930B-4990-82E5-B3A0565CBA75}.Release|ARM.ActiveCfg = Release|Any CPU
		{678D20AD-930B-4990-82E5-B3A0565CBA75}.Release|iPhone.ActiveCfg = Release|Any CPU
		{678D20AD-930B-4990-82E5-B3A0565CBA75}.Release|iPhoneSimulator.ActiveCfg = Release|Any CPU
		{678D20AD-930B-4990-82E5-B3A0565CBA75}.Release|Mixed Platforms.ActiveCfg = Release|Any CPU
		{678D20AD-930B-4990-82E5-B3A0565CBA75}.Release|Mixed Platforms.Build.0 = Release|Any CPU
		{678D20AD-930B-4990-82E5-B3A0565CBA75}.Release|Mixed Platforms.Deploy.0 = Release|Any CPU
		{678D20AD-930B-4990-82E5-B3A0565CBA75}.Release|x86.ActiveCfg = Release|Any CPU
	EndGlobalSection
	GlobalSection(SolutionProperties) = preSolution
		HideSolutionNode = FALSE
	EndGlobalSection
EndGlobal
